
Microsoft Visual Studio Solution File, Format Version 12.00
# Visual Studio Version 16
VisualStudioVersion = 16.0.30104.148
MinimumVisualStudioVersion = 10.0.40219.1
Project("{9A19103F-16F7-4668-BE54-9A1E7A4F7556}") = "OSL.Common", "OSL.Common\OSL.Common.csproj", "{C72E7994-9919-4538-84CA-3CB0EE46FEB9}"
EndProject
Project("{9A19103F-16F7-4668-BE54-9A1E7A4F7556}") = "OSL.Common.Tests", "OSL.Common.Tests\OSL.Common.Tests.csproj", "{123E9E71-556B-4450-91E6-17A80A7E93C7}"
	ProjectSection(ProjectDependencies) = postProject
		{C72E7994-9919-4538-84CA-3CB0EE46FEB9} = {C72E7994-9919-4538-84CA-3CB0EE46FEB9}
	EndProjectSection
EndProject
Project("{FAE04EC0-301F-11D3-BF4B-00C04F79EFBC}") = "OSL.WPF", "OSL.WPF\OSL.WPF.csproj", "{21C3ACC8-F319-4C7F-93DA-308A0C8156E7}"
EndProject
Project("{9A19103F-16F7-4668-BE54-9A1E7A4F7556}") = "OSL.EF", "OSL.EF\OSL.EF.csproj", "{24ACF311-648D-445D-9D93-41E1D346EDD4}"
EndProject
Project("{FAE04EC0-301F-11D3-BF4B-00C04F79EFBC}") = "OSL.WPF.Tests", "OSL.WPF.Tests\OSL.WPF.Tests.csproj", "{E3C9F574-8A02-4CAB-A368-66E762065DFC}"
EndProject
Project("{2150E333-8FDC-42A3-9474-1A3956D46DE8}") = "Solution Items", "Solution Items", "{5F0AB957-415D-4190-A58C-690245827C2F}"
	ProjectSection(SolutionItems) = preProject
		LICENSE = LICENSE
	EndProjectSection
EndProject
Project("{9092AA53-FB77-4645-B42D-1CCCA6BD08BD}") = "OSL.MapWebApp", "OSL.MapWebApp\OSL.MapWebApp.njsproj", "{C81C7E81-5642-44AC-8FD1-488E300A3A1E}"
EndProject
Global
	GlobalSection(SolutionConfigurationPlatforms) = preSolution
		Debug|Any CPU = Debug|Any CPU
		Debug|x64 = Debug|x64
		Release|Any CPU = Release|Any CPU
		Release|x64 = Release|x64
	EndGlobalSection
	GlobalSection(ProjectConfigurationPlatforms) = postSolution
		{C72E7994-9919-4538-84CA-3CB0EE46FEB9}.Debug|Any CPU.ActiveCfg = Debug|Any CPU
		{C72E7994-9919-4538-84CA-3CB0EE46FEB9}.Debug|Any CPU.Build.0 = Debug|Any CPU
		{C72E7994-9919-4538-84CA-3CB0EE46FEB9}.Debug|x64.ActiveCfg = Debug|x64
		{C72E7994-9919-4538-84CA-3CB0EE46FEB9}.Debug|x64.Build.0 = Debug|x64
		{C72E7994-9919-4538-84CA-3CB0EE46FEB9}.Release|Any CPU.ActiveCfg = Release|Any CPU
		{C72E7994-9919-4538-84CA-3CB0EE46FEB9}.Release|Any CPU.Build.0 = Release|Any CPU
		{C72E7994-9919-4538-84CA-3CB0EE46FEB9}.Release|x64.ActiveCfg = Release|x64
		{C72E7994-9919-4538-84CA-3CB0EE46FEB9}.Release|x64.Build.0 = Release|x64
		{123E9E71-556B-4450-91E6-17A80A7E93C7}.Debug|Any CPU.ActiveCfg = Debug|Any CPU
		{123E9E71-556B-4450-91E6-17A80A7E93C7}.Debug|Any CPU.Build.0 = Debug|Any CPU
		{123E9E71-556B-4450-91E6-17A80A7E93C7}.Debug|x64.ActiveCfg = Debug|x64
		{123E9E71-556B-4450-91E6-17A80A7E93C7}.Debug|x64.Build.0 = Debug|x64
		{123E9E71-556B-4450-91E6-17A80A7E93C7}.Release|Any CPU.ActiveCfg = Release|Any CPU
		{123E9E71-556B-4450-91E6-17A80A7E93C7}.Release|Any CPU.Build.0 = Release|Any CPU
		{123E9E71-556B-4450-91E6-17A80A7E93C7}.Release|x64.ActiveCfg = Release|x64
		{123E9E71-556B-4450-91E6-17A80A7E93C7}.Release|x64.Build.0 = Release|x64
		{21C3ACC8-F319-4C7F-93DA-308A0C8156E7}.Debug|Any CPU.ActiveCfg = Debug|Any CPU
		{21C3ACC8-F319-4C7F-93DA-308A0C8156E7}.Debug|Any CPU.Build.0 = Debug|Any CPU
		{21C3ACC8-F319-4C7F-93DA-308A0C8156E7}.Debug|x64.ActiveCfg = Debug|x64
		{21C3ACC8-F319-4C7F-93DA-308A0C8156E7}.Debug|x64.Build.0 = Debug|x64
		{21C3ACC8-F319-4C7F-93DA-308A0C8156E7}.Release|Any CPU.ActiveCfg = Release|Any CPU
		{21C3ACC8-F319-4C7F-93DA-308A0C8156E7}.Release|Any CPU.Build.0 = Release|Any CPU
		{21C3ACC8-F319-4C7F-93DA-308A0C8156E7}.Release|x64.ActiveCfg = Release|x64
		{21C3ACC8-F319-4C7F-93DA-308A0C8156E7}.Release|x64.Build.0 = Release|x64
		{24ACF311-648D-445D-9D93-41E1D346EDD4}.Debug|Any CPU.ActiveCfg = Debug|Any CPU
		{24ACF311-648D-445D-9D93-41E1D346EDD4}.Debug|Any CPU.Build.0 = Debug|Any CPU
		{24ACF311-648D-445D-9D93-41E1D346EDD4}.Debug|x64.ActiveCfg = Debug|x64
		{24ACF311-648D-445D-9D93-41E1D346EDD4}.Debug|x64.Build.0 = Debug|x64
		{24ACF311-648D-445D-9D93-41E1D346EDD4}.Release|Any CPU.ActiveCfg = Release|Any CPU
		{24ACF311-648D-445D-9D93-41E1D346EDD4}.Release|Any CPU.Build.0 = Release|Any CPU
		{24ACF311-648D-445D-9D93-41E1D346EDD4}.Release|x64.ActiveCfg = Release|x64
		{24ACF311-648D-445D-9D93-41E1D346EDD4}.Release|x64.Build.0 = Release|x64
		{E3C9F574-8A02-4CAB-A368-66E762065DFC}.Debug|Any CPU.ActiveCfg = Debug|Any CPU
		{E3C9F574-8A02-4CAB-A368-66E762065DFC}.Debug|Any CPU.Build.0 = Debug|Any CPU
		{E3C9F574-8A02-4CAB-A368-66E762065DFC}.Debug|x64.ActiveCfg = Debug|x64
		{E3C9F574-8A02-4CAB-A368-66E762065DFC}.Debug|x64.Build.0 = Debug|x64
		{E3C9F574-8A02-4CAB-A368-66E762065DFC}.Release|Any CPU.ActiveCfg = Release|Any CPU
		{E3C9F574-8A02-4CAB-A368-66E762065DFC}.Release|Any CPU.Build.0 = Release|Any CPU
		{E3C9F574-8A02-4CAB-A368-66E762065DFC}.Release|x64.ActiveCfg = Release|x64
		{E3C9F574-8A02-4CAB-A368-66E762065DFC}.Release|x64.Build.0 = Release|x64
		{C81C7E81-5642-44AC-8FD1-488E300A3A1E}.Debug|Any CPU.ActiveCfg = Debug|Any CPU
		{C81C7E81-5642-44AC-8FD1-488E300A3A1E}.Debug|Any CPU.Build.0 = Debug|Any CPU
		{C81C7E81-5642-44AC-8FD1-488E300A3A1E}.Debug|x64.ActiveCfg = Debug|Any CPU
		{C81C7E81-5642-44AC-8FD1-488E300A3A1E}.Debug|x64.Build.0 = Debug|Any CPU
		{C81C7E81-5642-44AC-8FD1-488E300A3A1E}.Release|Any CPU.ActiveCfg = Release|Any CPU
		{C81C7E81-5642-44AC-8FD1-488E300A3A1E}.Release|Any CPU.Build.0 = Release|Any CPU
		{C81C7E81-5642-44AC-8FD1-488E300A3A1E}.Release|x64.ActiveCfg = Release|Any CPU
		{C81C7E81-5642-44AC-8FD1-488E300A3A1E}.Release|x64.Build.0 = Release|Any CPU
	EndGlobalSection
	GlobalSection(SolutionProperties) = preSolution
		HideSolutionNode = FALSE
	EndGlobalSection
	GlobalSection(ExtensibilityGlobals) = postSolution
		SolutionGuid = {3405E475-AB01-46E3-866B-4CA46B3F7838}
	EndGlobalSection
EndGlobal
